PODS:
  - AppAuth (1.7.6):
    - AppAuth/Core (= 1.7.6)
    - AppAuth/ExternalUserAgent (= 1.7.6)
  - AppAuth/Core (1.7.6)
  - AppAuth/ExternalUserAgent (1.7.6):
    - AppAuth/Core
  - AppCheckCore (11.2.0):
    - GoogleUtilities/Environment (~> 8.0)
    - GoogleUtilities/UserDefaults (~> 8.0)
    - PromisesObjC (~> 2.4)
  - cometchat_calls_sdk (4.1.0):
    - CometChatCallsSDK (= 4.1.1)
    - Flutter
  - cometchat_calls_uikit (5.0.2):
    - Flutter
  - cometchat_chat_uikit (5.0.2):
    - Flutter
  - cometchat_sdk (4.0.22):
    - CometChatSDK (= 4.0.57)
    - Flutter
  - cometchat_uikit_shared (5.0.2):
    - Flutter
  - CometChatCallsSDK (4.1.1):
    - CometChatWebRTC (= 1.106.1)
  - CometChatSDK (4.0.57)
  - CometChatWebRTC (1.106.1)
  - CryptoSwift (1.8.4)
  - Firebase/Analytics (11.6.0):
    - Firebase/Core
  - Firebase/Auth (11.6.0):
    - Firebase/CoreOnly
    - FirebaseAuth (~> 11.6.0)
  - Firebase/Core (11.6.0):
    - Firebase/CoreOnly
    - FirebaseAnalytics (~> 11.6.0)
  - Firebase/CoreOnly (11.6.0):
    - FirebaseCore (~> 11.6.0)
  - Firebase/Messaging (11.6.0):
    - Firebase/CoreOnly
    - FirebaseMessaging (~> 11.6.0)
  - firebase_auth (5.4.0):
    - Firebase/Auth (= 11.6.0)
    - firebase_core
    - Flutter
  - firebase_core (3.10.0):
    - Firebase/CoreOnly (= 11.6.0)
    - Flutter
  - firebase_messaging (15.2.0):
    - Firebase/Messaging (= 11.6.0)
    - firebase_core
    - Flutter
  - FirebaseAnalytics (11.6.0):
    - FirebaseAnalytics/AdIdSupport (= 11.6.0)
    - FirebaseCore (~> 11.6.0)
    - FirebaseInstallations (~> 11.0)
    - GoogleUtilities/AppDelegateSwizzler (~> 8.0)
    - GoogleUtilities/MethodSwizzler (~> 8.0)
    - GoogleUtilities/Network (~> 8.0)
    - "GoogleUtilities/NSData+zlib (~> 8.0)"
    - nanopb (~> 3.30910.0)
  - FirebaseAnalytics/AdIdSupport (11.6.0):
    - FirebaseCore (~> 11.6.0)
    - FirebaseInstallations (~> 11.0)
    - GoogleAppMeasurement (= 11.6.0)
    - GoogleUtilities/AppDelegateSwizzler (~> 8.0)
    - GoogleUtilities/MethodSwizzler (~> 8.0)
    - GoogleUtilities/Network (~> 8.0)
    - "GoogleUtilities/NSData+zlib (~> 8.0)"
    - nanopb (~> 3.30910.0)
  - FirebaseAppCheckInterop (11.13.0)
  - FirebaseAuth (11.6.0):
    - FirebaseAppCheckInterop (~> 11.0)
    - FirebaseAuthInterop (~> 11.0)
    - FirebaseCore (~> 11.6.0)
    - FirebaseCoreExtension (~> 11.6.0)
    - GoogleUtilities/AppDelegateSwizzler (~> 8.0)
    - GoogleUtilities/Environment (~> 8.0)
    - GTMSessionFetcher/Core (< 5.0, >= 3.4)
    - RecaptchaInterop (~> 100.0)
  - FirebaseAuthInterop (11.13.0)
  - FirebaseCore (11.6.0):
    - FirebaseCoreInternal (~> 11.6.0)
    - GoogleUtilities/Environment (~> 8.0)
    - GoogleUtilities/Logger (~> 8.0)
  - FirebaseCoreExtension (11.6.0):
    - FirebaseCore (~> 11.6.0)
  - FirebaseCoreInternal (11.6.0):
    - "GoogleUtilities/NSData+zlib (~> 8.0)"
  - FirebaseInstallations (11.6.0):
    - FirebaseCore (~> 11.6.0)
    - GoogleUtilities/Environment (~> 8.0)
    - GoogleUtilities/UserDefaults (~> 8.0)
    - PromisesObjC (~> 2.4)
  - FirebaseMessaging (11.6.0):
    - FirebaseCore (~> 11.6.0)
    - FirebaseInstallations (~> 11.0)
    - GoogleDataTransport (~> 10.0)
    - GoogleUtilities/AppDelegateSwizzler (~> 8.0)
    - GoogleUtilities/Environment (~> 8.0)
    - GoogleUtilities/Reachability (~> 8.0)
    - GoogleUtilities/UserDefaults (~> 8.0)
    - nanopb (~> 3.30910.0)
  - Flutter (1.0.0)
  - flutter_apns_only (0.0.1):
    - Flutter
  - flutter_callkit_incoming (0.0.1):
    - CryptoSwift
    - Flutter
  - flutter_local_notifications (0.0.1):
    - Flutter
  - google_sign_in_ios (0.0.1):
    - AppAuth (>= 1.7.4)
    - Flutter
    - FlutterMacOS
    - GoogleSignIn (~> 8.0)
    - GTMSessionFetcher (>= 3.4.0)
  - GoogleAppMeasurement (11.6.0):
    - GoogleAppMeasurement/AdIdSupport (= 11.6.0)
    - GoogleUtilities/AppDelegateSwizzler (~> 8.0)
    - GoogleUtilities/MethodSwizzler (~> 8.0)
    - GoogleUtilities/Network (~> 8.0)
    - "GoogleUtilities/NSData+zlib (~> 8.0)"
    - nanopb (~> 3.30910.0)
  - GoogleAppMeasurement/AdIdSupport (11.6.0):
    - GoogleAppMeasurement/WithoutAdIdSupport (= 11.6.0)
    - GoogleUtilities/AppDelegateSwizzler (~> 8.0)
    - GoogleUtilities/MethodSwizzler (~> 8.0)
    - GoogleUtilities/Network (~> 8.0)
    - "GoogleUtilities/NSData+zlib (~> 8.0)"
    - nanopb (~> 3.30910.0)
  - GoogleAppMeasurement/WithoutAdIdSupport (11.6.0):
    - GoogleUtilities/AppDelegateSwizzler (~> 8.0)
    - GoogleUtilities/MethodSwizzler (~> 8.0)
    - GoogleUtilities/Network (~> 8.0)
    - "GoogleUtilities/NSData+zlib (~> 8.0)"
    - nanopb (~> 3.30910.0)
  - GoogleDataTransport (10.1.0):
    - nanopb (~> 3.30910.0)
    - PromisesObjC (~> 2.4)
  - GoogleSignIn (8.0.0):
    - AppAuth (< 2.0, >= 1.7.3)
    - AppCheckCore (~> 11.0)
    - GTMAppAuth (< 5.0, >= 4.1.1)
    - GTMSessionFetcher/Core (~> 3.3)
  - GoogleUtilities/AppDelegateSwizzler (8.1.0):
    - GoogleUtilities/Environment
    - GoogleUtilities/Logger
    - GoogleUtilities/Network
    - GoogleUtilities/Privacy
  - GoogleUtilities/Environment (8.1.0):
    - GoogleUtilities/Privacy
  - GoogleUtilities/Logger (8.1.0):
    - GoogleUtilities/Environment
    - GoogleUtilities/Privacy
  - GoogleUtilities/MethodSwizzler (8.1.0):
    - GoogleUtilities/Logger
    - GoogleUtilities/Privacy
  - GoogleUtilities/Network (8.1.0):
    - GoogleUtilities/Logger
    - "GoogleUtilities/NSData+zlib"
    - GoogleUtilities/Privacy
    - GoogleUtilities/Reachability
  - "GoogleUtilities/NSData+zlib (8.1.0)":
    - GoogleUtilities/Privacy
  - GoogleUtilities/Privacy (8.1.0)
  - GoogleUtilities/Reachability (8.1.0):
    - GoogleUtilities/Logger
    - GoogleUtilities/Privacy
  - GoogleUtilities/UserDefaults (8.1.0):
    - GoogleUtilities/Logger
    - GoogleUtilities/Privacy
  - GTMAppAuth (4.1.1):
    - AppAuth/Core (~> 1.7)
    - GTMSessionFetcher/Core (< 4.0, >= 3.3)
  - GTMSessionFetcher (3.5.0):
    - GTMSessionFetcher/Full (= 3.5.0)
  - GTMSessionFetcher/Core (3.5.0)
  - GTMSessionFetcher/Full (3.5.0):
    - GTMSessionFetcher/Core
  - image_picker_ios (0.0.1):
    - Flutter
  - nanopb (3.30910.0):
    - nanopb/decode (= 3.30910.0)
    - nanopb/encode (= 3.30910.0)
  - nanopb/decode (3.30910.0)
  - nanopb/encode (3.30910.0)
  - path_provider_foundation (0.0.1):
    - Flutter
    - FlutterMacOS
  - permission_handler_apple (9.3.0):
    - Flutter
  - PromisesObjC (2.4.0)
  - RecaptchaInterop (100.0.0)
  - shared_preferences_foundation (0.0.1):
    - Flutter
    - FlutterMacOS
  - url_launcher_ios (0.0.1):
    - Flutter
  - video_player_avfoundation (0.0.1):
    - Flutter
    - FlutterMacOS
  - webview_flutter_wkwebview (0.0.1):
    - Flutter
    - FlutterMacOS

DEPENDENCIES:
  - cometchat_calls_sdk (from `.symlinks/plugins/cometchat_calls_sdk/ios`)
  - cometchat_calls_uikit (from `.symlinks/plugins/cometchat_calls_uikit/ios`)
  - cometchat_chat_uikit (from `.symlinks/plugins/cometchat_chat_uikit/ios`)
  - cometchat_sdk (from `.symlinks/plugins/cometchat_sdk/ios`)
  - cometchat_uikit_shared (from `.symlinks/plugins/cometchat_uikit_shared/ios`)
  - Firebase/Analytics
  - Firebase/Core
  - Firebase/Messaging
  - firebase_auth (from `.symlinks/plugins/firebase_auth/ios`)
  - firebase_core (from `.symlinks/plugins/firebase_core/ios`)
  - firebase_messaging (from `.symlinks/plugins/firebase_messaging/ios`)
  - Flutter (from `Flutter`)
  - flutter_apns_only (from `.symlinks/plugins/flutter_apns_only/ios`)
  - flutter_callkit_incoming (from `.symlinks/plugins/flutter_callkit_incoming/ios`)
  - flutter_local_notifications (from `.symlinks/plugins/flutter_local_notifications/ios`)
  - google_sign_in_ios (from `.symlinks/plugins/google_sign_in_ios/darwin`)
  - image_picker_ios (from `.symlinks/plugins/image_picker_ios/ios`)
  - path_provider_foundation (from `.symlinks/plugins/path_provider_foundation/darwin`)
  - permission_handler_apple (from `.symlinks/plugins/permission_handler_apple/ios`)
  - shared_preferences_foundation (from `.symlinks/plugins/shared_preferences_foundation/darwin`)
  - url_launcher_ios (from `.symlinks/plugins/url_launcher_ios/ios`)
  - video_player_avfoundation (from `.symlinks/plugins/video_player_avfoundation/darwin`)
  - webview_flutter_wkwebview (from `.symlinks/plugins/webview_flutter_wkwebview/darwin`)

SPEC REPOS:
  trunk:
    - AppAuth
    - AppCheckCore
    - CometChatCallsSDK
    - CometChatSDK
    - CometChatWebRTC
    - CryptoSwift
    - Firebase
    - FirebaseAnalytics
    - FirebaseAppCheckInterop
    - FirebaseAuth
    - FirebaseAuthInterop
    - FirebaseCore
    - FirebaseCoreExtension
    - FirebaseCoreInternal
    - FirebaseInstallations
    - FirebaseMessaging
    - GoogleAppMeasurement
    - GoogleDataTransport
    - GoogleSignIn
    - GoogleUtilities
    - GTMAppAuth
    - GTMSessionFetcher
    - nanopb
    - PromisesObjC
    - RecaptchaInterop

EXTERNAL SOURCES:
  cometchat_calls_sdk:
    :path: ".symlinks/plugins/cometchat_calls_sdk/ios"
  cometchat_calls_uikit:
    :path: ".symlinks/plugins/cometchat_calls_uikit/ios"
  cometchat_chat_uikit:
    :path: ".symlinks/plugins/cometchat_chat_uikit/ios"
  cometchat_sdk:
    :path: ".symlinks/plugins/cometchat_sdk/ios"
  cometchat_uikit_shared:
    :path: ".symlinks/plugins/cometchat_uikit_shared/ios"
  firebase_auth:
    :path: ".symlinks/plugins/firebase_auth/ios"
  firebase_core:
    :path: ".symlinks/plugins/firebase_core/ios"
  firebase_messaging:
    :path: ".symlinks/plugins/firebase_messaging/ios"
  Flutter:
    :path: Flutter
  flutter_apns_only:
    :path: ".symlinks/plugins/flutter_apns_only/ios"
  flutter_callkit_incoming:
    :path: ".symlinks/plugins/flutter_callkit_incoming/ios"
  flutter_local_notifications:
    :path: ".symlinks/plugins/flutter_local_notifications/ios"
  google_sign_in_ios:
    :path: ".symlinks/plugins/google_sign_in_ios/darwin"
  image_picker_ios:
    :path: ".symlinks/plugins/image_picker_ios/ios"
  path_provider_foundation:
    :path: ".symlinks/plugins/path_provider_foundation/darwin"
  permission_handler_apple:
    :path: ".symlinks/plugins/permission_handler_apple/ios"
  shared_preferences_foundation:
    :path: ".symlinks/plugins/shared_preferences_foundation/darwin"
  url_launcher_ios:
    :path: ".symlinks/plugins/url_launcher_ios/ios"
  video_player_avfoundation:
    :path: ".symlinks/plugins/video_player_avfoundation/darwin"
  webview_flutter_wkwebview:
    :path: ".symlinks/plugins/webview_flutter_wkwebview/darwin"

SPEC CHECKSUMS:
  AppAuth: d4f13a8fe0baf391b2108511793e4b479691fb73
  AppCheckCore: cc8fd0a3a230ddd401f326489c99990b013f0c4f
  cometchat_calls_sdk: f557d78dc130ace66a406d322cfc388f21b71edb
  cometchat_calls_uikit: 10af8a7f0c0943c0c4b71a2f35d209c2f60f398a
  cometchat_chat_uikit: 8b5257c72761dc33d3307e4cb0a3272835bb6b33
  cometchat_sdk: 67beb6b93139d873a6b7c7f9c6da57bda531e56c
  cometchat_uikit_shared: 986f9299e1d2757c03a04944d98a0b4d8936a1a0
  CometChatCallsSDK: 256690f67246c9195f24550a8eab4f4127d09560
  CometChatSDK: 1bf2b56b2e8f692bdd5aeb8eec3fa946dbd13882
  CometChatWebRTC: c08f446967168f6de442b48b824623411651dbb5
  CryptoSwift: e64e11850ede528a02a0f3e768cec8e9d92ecb90
  Firebase: 374a441a91ead896215703a674d58cdb3e9d772b
  firebase_auth: ecd44c57a46c4942b58f13615e0bbb178ccff47a
  firebase_core: 2337982fb78ee4d8d91e608b0a3d4f44346a93c8
  firebase_messaging: f3bddfa28c2cad70b3341bf461e987a24efd28d6
  FirebaseAnalytics: 7114c698cac995602e3b1b96663473e50d54d6e7
  FirebaseAppCheckInterop: 72066489c209823649a997132bcd9269bc33a4bb
  FirebaseAuth: 0304982cfe00df8d49bf533bc4becd3de36c7122
  FirebaseAuthInterop: 4fa327ec3c551a80a6929561f83af80b1dd44937
  FirebaseCore: 48b0dd707581cf9c1a1220da68223fb0a562afaa
  FirebaseCoreExtension: 2d77d6430c16cf43ca2b04608302ed02b3598361
  FirebaseCoreInternal: d98ab91e2d80a56d7b246856a8885443b302c0c2
  FirebaseInstallations: efc0946fc756e4d22d8113f7c761948120322e8c
  FirebaseMessaging: e1aca1fcc23e8b9eddb0e33f375ff90944623021
  Flutter: e0871f40cf51350855a761d2e70bf5af5b9b5de7
  flutter_apns_only: bd278c53433cb01cd66152843f7247fe10b9a9ea
  flutter_callkit_incoming: cb8138af67cda6dd981f7101a5d709003af21502
  flutter_local_notifications: 395056b3175ba4f08480a7c5de30cd36d69827e4
  google_sign_in_ios: b48bb9af78576358a168361173155596c845f0b9
  GoogleAppMeasurement: 6a9e6317b6a6d810ad03d4a66564ca6c4c5818a3
  GoogleDataTransport: aae35b7ea0c09004c3797d53c8c41f66f219d6a7
  GoogleSignIn: ce8c89bb9b37fb624b92e7514cc67335d1e277e4
  GoogleUtilities: 00c88b9a86066ef77f0da2fab05f65d7768ed8e1
  GTMAppAuth: f69bd07d68cd3b766125f7e072c45d7340dea0de
  GTMSessionFetcher: 5aea5ba6bd522a239e236100971f10cb71b96ab6
  image_picker_ios: 7fe1ff8e34c1790d6fff70a32484959f563a928a
  nanopb: fad817b59e0457d11a5dfbde799381cd727c1275
  path_provider_foundation: 080d55be775b7414fd5a5ef3ac137b97b097e564
  permission_handler_apple: 4ed2196e43d0651e8ff7ca3483a069d469701f2d
  PromisesObjC: f5707f49cb48b9636751c5b2e7d227e43fba9f47
  RecaptchaInterop: 7d1a4a01a6b2cb1610a47ef3f85f0c411434cb21
  shared_preferences_foundation: 9e1978ff2562383bd5676f64ec4e9aa8fa06a6f7
  url_launcher_ios: 694010445543906933d732453a59da0a173ae33d
  video_player_avfoundation: 2cef49524dd1f16c5300b9cd6efd9611ce03639b
  webview_flutter_wkwebview: 44d4dee7d7056d5ad185d25b38404436d56c547c

PODFILE CHECKSUM: 1d18024dd5140184e47c946a8e7c926dbf8d493e

COCOAPODS: 1.16.2
