PODS:
  - cometchat (3.0.7):
    - CometChatPro (= 3.0.914)
    - Flutter
  - cometchat_chat_uikit (4.0.0-beta.1):
    - Flutter
  - CometChatPro (3.0.914)
  - Flutter (1.0.0)
  - image_picker_ios (0.0.1):
    - Flutter
  - path_provider_foundation (0.0.1):
    - Flutter
    - FlutterMacOS
  - share_plus (0.0.1):
    - Flutter
  - url_launcher_ios (0.0.1):
    - Flutter
  - video_player_avfoundation (0.0.1):
    - Flutter
  - wakelock (0.0.1):
    - Flutter
  - webview_flutter_wkwebview (0.0.1):
    - Flutter

DEPENDENCIES:
  - cometchat (from `.symlinks/plugins/cometchat/ios`)
  - cometchat_chat_uikit (from `.symlinks/plugins/cometchat_chat_uikit/ios`)
  - Flutter (from `Flutter`)
  - image_picker_ios (from `.symlinks/plugins/image_picker_ios/ios`)
  - path_provider_foundation (from `.symlinks/plugins/path_provider_foundation/ios`)
  - share_plus (from `.symlinks/plugins/share_plus/ios`)
  - url_launcher_ios (from `.symlinks/plugins/url_launcher_ios/ios`)
  - video_player_avfoundation (from `.symlinks/plugins/video_player_avfoundation/ios`)
  - wakelock (from `.symlinks/plugins/wakelock/ios`)
  - webview_flutter_wkwebview (from `.symlinks/plugins/webview_flutter_wkwebview/ios`)

SPEC REPOS:
  trunk:
    - CometChatPro

EXTERNAL SOURCES:
  cometchat:
    :path: ".symlinks/plugins/cometchat/ios"
  cometchat_chat_uikit:
    :path: ".symlinks/plugins/cometchat_chat_uikit/ios"
  Flutter:
    :path: Flutter
  image_picker_ios:
    :path: ".symlinks/plugins/image_picker_ios/ios"
  path_provider_foundation:
    :path: ".symlinks/plugins/path_provider_foundation/ios"
  share_plus:
    :path: ".symlinks/plugins/share_plus/ios"
  url_launcher_ios:
    :path: ".symlinks/plugins/url_launcher_ios/ios"
  video_player_avfoundation:
    :path: ".symlinks/plugins/video_player_avfoundation/ios"
  wakelock:
    :path: ".symlinks/plugins/wakelock/ios"
  webview_flutter_wkwebview:
    :path: ".symlinks/plugins/webview_flutter_wkwebview/ios"

SPEC CHECKSUMS:
  cometchat: 1e61ba60ed5bfbf933954adbe784d1bbddc5ca18
  cometchat_chat_uikit: 3f316a6cafac8c0220c0078f30f819b24e4956cb
  CometChatPro: 8c436dfac097cd323dd73ce86c5ddfb963736e2d
  Flutter: 50d75fe2f02b26cc09d224853bb45737f8b3214a
  image_picker_ios: 58b9c4269cb176f89acea5e5d043c9358f2d25f8
  path_provider_foundation: c68054786f1b4f3343858c1e1d0caaded73f0be9
  share_plus: 056a1e8ac890df3e33cb503afffaf1e9b4fbae68
  url_launcher_ios: ae1517e5e344f5544fb090b079e11f399dfbe4d2
  video_player_avfoundation: 6d971a232d72e6ee25368378d48a079dea01f1cf
  wakelock: d0fc7c864128eac40eba1617cb5264d9c940b46f
  webview_flutter_wkwebview: b7e70ef1ddded7e69c796c7390ee74180182971f

PODFILE CHECKSUM: 12d6fb7e097fea764fc7b60f5a1fc6847c290f58

COCOAPODS: 1.12.1
