PODS:
  - cometchat_calls_sdk (4.0.9):
    - CometChatCallsSDK (= 4.0.6)
    - Flutter
  - cometchat_calls_uikit (4.3.0):
    - Flutter
  - cometchat_chat_uikit (4.5.0):
    - Flutter
  - cometchat_sdk (4.0.11):
    - CometChatSDK (= 4.0.46)
    - Flutter
  - cometchat_uikit_shared (4.3.0):
    - Flutter
  - CometChatCallsSDK (4.0.6):
    - CometChatWebRTC (= 1.106.1)
  - CometChatSDK (4.0.46)
  - CometChatWebRTC (1.106.1)
  - Flutter (1.0.0)
  - image_picker_ios (0.0.1):
    - Flutter
  - package_info_plus (0.4.5):
    - Flutter
  - path_provider_foundation (0.0.1):
    - Flutter
    - FlutterMacOS
  - url_launcher_ios (0.0.1):
    - Flutter
  - video_player_avfoundation (0.0.1):
    - Flutter
  - wakelock_plus (0.0.1):
    - Flutter
  - webview_flutter_wkwebview (0.0.1):
    - Flutter

DEPENDENCIES:
  - cometchat_calls_sdk (from `.symlinks/plugins/cometchat_calls_sdk/ios`)
  - cometchat_calls_uikit (from `.symlinks/plugins/cometchat_calls_uikit/ios`)
  - cometchat_chat_uikit (from `.symlinks/plugins/cometchat_chat_uikit/ios`)
  - cometchat_sdk (from `.symlinks/plugins/cometchat_sdk/ios`)
  - cometchat_uikit_shared (from `.symlinks/plugins/cometchat_uikit_shared/ios`)
  - Flutter (from `Flutter`)
  - image_picker_ios (from `.symlinks/plugins/image_picker_ios/ios`)
  - package_info_plus (from `.symlinks/plugins/package_info_plus/ios`)
  - path_provider_foundation (from `.symlinks/plugins/path_provider_foundation/darwin`)
  - url_launcher_ios (from `.symlinks/plugins/url_launcher_ios/ios`)
  - video_player_avfoundation (from `.symlinks/plugins/video_player_avfoundation/ios`)
  - wakelock_plus (from `.symlinks/plugins/wakelock_plus/ios`)
  - webview_flutter_wkwebview (from `.symlinks/plugins/webview_flutter_wkwebview/ios`)

SPEC REPOS:
  trunk:
    - CometChatCallsSDK
    - CometChatSDK
    - CometChatWebRTC

EXTERNAL SOURCES:
  cometchat_calls_sdk:
    :path: ".symlinks/plugins/cometchat_calls_sdk/ios"
  cometchat_calls_uikit:
    :path: ".symlinks/plugins/cometchat_calls_uikit/ios"
  cometchat_chat_uikit:
    :path: ".symlinks/plugins/cometchat_chat_uikit/ios"
  cometchat_sdk:
    :path: ".symlinks/plugins/cometchat_sdk/ios"
  cometchat_uikit_shared:
    :path: ".symlinks/plugins/cometchat_uikit_shared/ios"
  Flutter:
    :path: Flutter
  image_picker_ios:
    :path: ".symlinks/plugins/image_picker_ios/ios"
  package_info_plus:
    :path: ".symlinks/plugins/package_info_plus/ios"
  path_provider_foundation:
    :path: ".symlinks/plugins/path_provider_foundation/darwin"
  url_launcher_ios:
    :path: ".symlinks/plugins/url_launcher_ios/ios"
  video_player_avfoundation:
    :path: ".symlinks/plugins/video_player_avfoundation/ios"
  wakelock_plus:
    :path: ".symlinks/plugins/wakelock_plus/ios"
  webview_flutter_wkwebview:
    :path: ".symlinks/plugins/webview_flutter_wkwebview/ios"

SPEC CHECKSUMS:
  cometchat_calls_sdk: f1710462c3adc9a9e866adf8774312905a3d098c
  cometchat_calls_uikit: 42579739b2c878ee012e11bf8b3719ea7dd86c88
  cometchat_chat_uikit: 7ee1be90a8ae91a3d2b4d87b381fd5abb10e5084
  cometchat_sdk: e7ff1e2ea4dea67f68e6b91b99d559cec7ff75d3
  cometchat_uikit_shared: 6d85a7fd9fad059b9e4effa5f89b9f203a51cf3b
  CometChatCallsSDK: 121b36c761d5f244cc9608c44a15a2a8c02ee877
  CometChatSDK: 4d564fc763fabffde62749c85847a2304a76f38e
  CometChatWebRTC: c08f446967168f6de442b48b824623411651dbb5
  Flutter: f04841e97a9d0b0a8025694d0796dd46242b2854
  image_picker_ios: 99dfe1854b4fa34d0364e74a78448a0151025425
  package_info_plus: 115f4ad11e0698c8c1c5d8a689390df880f47e85
  path_provider_foundation: 3784922295ac71e43754bd15e0653ccfd36a147c
  url_launcher_ios: bbd758c6e7f9fd7b5b1d4cde34d2b95fcce5e812
  video_player_avfoundation: 81e49bb3d9fb63dccf9fa0f6d877dc3ddbeac126
  wakelock_plus: 8b09852c8876491e4b6d179e17dfe2a0b5f60d47
  webview_flutter_wkwebview: 4f3e50f7273d31e5500066ed267e3ae4309c5ae4

PODFILE CHECKSUM: 8fe78813060930f59cdbaf70ae39e675a50ba4b0

COCOAPODS: 1.14.2
